{
  "originHash" : "a763db28ad06572514c9b8d02e913bdb426d3fa06dedb02321b9a4008551e79a",
  "pins" : [
    {
      "identity" : "json-stream",
      "kind" : "remoteSourceControl",
      "location" : "https://github.com/Topolyte/json-stream.git",
      "state" : {
        "revision" : "703a39ce871e97c4c3831ad8f681d26f4d884559",
        "version" : "1.0.3"
      }
    }
  ],
  "version" : 3
}
